
Microsoft Visual Studio Solution File, Format Version 12.00
# Visual Studio Version 16
VisualStudioVersion = 16.0.31019.35
MinimumVisualStudioVersion = 10.0.40219.1
Project("{FAE04EC0-301F-11D3-BF4B-00C04F79EFBC}") = "IT_database", "IT_database\IT_database.csproj", "{AD738AD8-BEFC-490A-B467-FD703277CBB5}"
EndProject
Project("{FAE04EC0-301F-11D3-BF4B-00C04F79EFBC}") = "TestProject", "TestProject\TestProject.csproj", "{3DD7DCB6-4D6D-4280-8479-5E36D6B64013}"
EndProject
Global
	GlobalSection(SolutionConfigurationPlatforms) = preSolution
		Debug|Any CPU = Debug|Any CPU
		Release|Any CPU = Release|Any CPU
	EndGlobalSection
	GlobalSection(ProjectConfigurationPlatforms) = postSolution
		{AD738AD8-BEFC-490A-B467-FD703277CBB5}.Debug|Any CPU.ActiveCfg = Debug|Any CPU
		{AD738AD8-BEFC-490A-B467-FD703277CBB5}.Debug|Any CPU.Build.0 = Debug|Any CPU
		{AD738AD8-BEFC-490A-B467-FD703277CBB5}.Release|Any CPU.ActiveCfg = Release|Any CPU
		{AD738AD8-BEFC-490A-B467-FD703277CBB5}.Release|Any CPU.Build.0 = Release|Any CPU
		{3DD7DCB6-4D6D-4280-8479-5E36D6B64013}.Debug|Any CPU.ActiveCfg = Debug|Any CPU
		{3DD7DCB6-4D6D-4280-8479-5E36D6B64013}.Debug|Any CPU.Build.0 = Debug|Any CPU
		{3DD7DCB6-4D6D-4280-8479-5E36D6B64013}.Release|Any CPU.ActiveCfg = Release|Any CPU
		{3DD7DCB6-4D6D-4280-8479-5E36D6B64013}.Release|Any CPU.Build.0 = Release|Any CPU
	EndGlobalSection
	GlobalSection(SolutionProperties) = preSolution
		HideSolutionNode = FALSE
	EndGlobalSection
	GlobalSection(ExtensibilityGlobals) = postSolution
		SolutionGuid = {54AC43A2-A13E-4F50-8A0B-ACC6C7BDAFC2}
	EndGlobalSection
EndGlobal
